// !$*UTF8*$!
{
	archiveVersion = 1;
	classes = {
	};
	objectVersion = 50;
	objects = {

/* Begin PBXBuildFile section */
		92A0815C220173B7008D6FF6 /* AppDelegate.swift in Sources */ = {isa = PBXBuildFile; fileRef = 92A0815B220173B7008D6FF6 /* AppDelegate.swift */; };
		92A0815E220173B7008D6FF6 /* ViewController.swift in Sources */ = {isa = PBXBuildFile; fileRef = 92A0815D220173B7008D6FF6 /* ViewController.swift */; };
		92A08161220173B7008D6FF6 /* Main.storyboard in Resources */ = {isa = PBXBuildFile; fileRef = 92A0815F220173B7008D6FF6 /* Main.storyboard */; };
		92A08164220173B7008D6FF6 /* CoreDataDemo.xcdatamodeld in Sources */ = {isa = PBXBuildFile; fileRef = 92A08162220173B7008D6FF6 /* CoreDataDemo.xcdatamodeld */; };
		92A08166220173BC008D6FF6 /* Assets.xcassets in Resources */ = {isa = PBXBuildFile; fileRef = 92A08165220173BC008D6FF6 /* Assets.xcassets */; };
		92A08169220173BC008D6FF6 /* LaunchScreen.storyboard in Resources */ = {isa = PBXBuildFile; fileRef = 92A08167220173BC008D6FF6 /* LaunchScreen.storyboard */; };
		92A08174220190F7008D6FF6 /* CategoryViewController.swift in Sources */ = {isa = PBXBuildFile; fileRef = 92A08173220190F7008D6FF6 /* CategoryViewController.swift */; };
		92A081762201AD74008D6FF6 /* UIView+Gradient.swift in Sources */ = {isa = PBXBuildFile; fileRef = 92A081752201AD73008D6FF6 /* UIView+Gradient.swift */; };
		92A081782202AC66008D6FF6 /* GradientTableViewCell.swift in Sources */ = {isa = PBXBuildFile; fileRef = 92A081772202AC66008D6FF6 /* GradientTableViewCell.swift */; };
		92A0817A2202CA2D008D6FF6 /* ColorHex.swift in Sources */ = {isa = PBXBuildFile; fileRef = 92A081792202CA2C008D6FF6 /* ColorHex.swift */; };
/* End PBXBuildFile section */

/* Begin PBXFileReference section */
		92A08158220173B7008D6FF6 /* CoreDataDemo.app */ = {isa = PBXFileReference; explicitFileType = wrapper.application; includeInIndex = 0; path = CoreDataDemo.app; sourceTree = BUILT_PRODUCTS_DIR; };
		92A0815B220173B7008D6FF6 /* AppDelegate.swift */ = {isa = PBXFileReference; lastKnownFileType = sourcecode.swift; path = AppDelegate.swift; sourceTree = "<group>"; };
		92A0815D220173B7008D6FF6 /* ViewController.swift */ = {isa = PBXFileReference; lastKnownFileType = sourcecode.swift; path = ViewController.swift; sourceTree = "<group>"; };
		92A08160220173B7008D6FF6 /* Base */ = {isa = PBXFileReference; lastKnownFileType = file.storyboard; name = Base; path = Base.lproj/Main.storyboard; sourceTree = "<group>"; };
		92A08163220173B7008D6FF6 /* CoreDataDemo.xcdatamodel */ = {isa = PBXFileReference; lastKnownFileType = wrapper.xcdatamodel; path = CoreDataDemo.xcdatamodel; sourceTree = "<group>"; };
		92A08165220173BC008D6FF6 /* Assets.xcassets */ = {isa = PBXFileReference; lastKnownFileType = folder.assetcatalog; path = Assets.xcassets; sourceTree = "<group>"; };
		92A08168220173BC008D6FF6 /* Base */ = {isa = PBXFileReference; lastKnownFileType = file.storyboard; name = Base; path = Base.lproj/LaunchScreen.storyboard; sourceTree = "<group>"; };
		92A0816A220173BC008D6FF6 /* Info.plist */ = {isa = PBXFileReference; lastKnownFileType = text.plist.xml; path = Info.plist; sourceTree = "<group>"; };
		92A08173220190F7008D6FF6 /* CategoryViewController.swift */ = {isa = PBXFileReference; lastKnownFileType = sourcecode.swift; path = CategoryViewController.swift; sourceTree = "<group>"; };
		92A081752201AD73008D6FF6 /* UIView+Gradient.swift */ = {isa = PBXFileReference; lastKnownFileType = sourcecode.swift; path = "UIView+Gradient.swift"; sourceTree = "<group>"; };
		92A081772202AC66008D6FF6 /* GradientTableViewCell.swift */ = {isa = PBXFileReference; lastKnownFileType = sourcecode.swift; path = GradientTableViewCell.swift; sourceTree = "<group>"; };
		92A081792202CA2C008D6FF6 /* ColorHex.swift */ = {isa = PBXFileReference; lastKnownFileType = sourcecode.swift; path = ColorHex.swift; sourceTree = "<group>"; };
/* End PBXFileReference section */

/* Begin PBXFrameworksBuildPhase section */
		92A08155220173B7008D6FF6 /* Frameworks */ = {
			isa = PBXFrameworksBuildPhase;
			buildActionMask = 2147483647;
			files = (
			);
			runOnlyForDeploymentPostprocessing = 0;
		};
/* End PBXFrameworksBuildPhase section */

/* Begin PBXGroup section */
		92A0814F220173B7008D6FF6 = {
			isa = PBXGroup;
			children = (
				92A0815A220173B7008D6FF6 /* CoreDataDemo */,
				92A08159220173B7008D6FF6 /* Products */,
			);
			sourceTree = "<group>";
		};
		92A08159220173B7008D6FF6 /* Products */ = {
			isa = PBXGroup;
			children = (
				92A08158220173B7008D6FF6 /* CoreDataDemo.app */,
			);
			name = Products;
			sourceTree = "<group>";
		};
		92A0815A220173B7008D6FF6 /* CoreDataDemo */ = {
			isa = PBXGroup;
			children = (
				92A0815B220173B7008D6FF6 /* AppDelegate.swift */,
				92A0815D220173B7008D6FF6 /* ViewController.swift */,
				92A08173220190F7008D6FF6 /* CategoryViewController.swift */,
				92A081752201AD73008D6FF6 /* UIView+Gradient.swift */,
				92A081772202AC66008D6FF6 /* GradientTableViewCell.swift */,
				92A081792202CA2C008D6FF6 /* ColorHex.swift */,
				92A0815F220173B7008D6FF6 /* Main.storyboard */,
				92A08165220173BC008D6FF6 /* Assets.xcassets */,
				92A08167220173BC008D6FF6 /* LaunchScreen.storyboard */,
				92A0816A220173BC008D6FF6 /* Info.plist */,
				92A08162220173B7008D6FF6 /* CoreDataDemo.xcdatamodeld */,
			);
			path = CoreDataDemo;
			sourceTree = "<group>";
		};
/* End PBXGroup section */

/* Begin PBXNativeTarget section */
		92A08157220173B7008D6FF6 /* CoreDataDemo */ = {
			isa = PBXNativeTarget;
			buildConfigurationList = 92A0816D220173BC008D6FF6 /* Build configuration list for PBXNativeTarget "CoreDataDemo" */;
			buildPhases = (
				92A08154220173B7008D6FF6 /* Sources */,
				92A08155220173B7008D6FF6 /* Frameworks */,
				92A08156220173B7008D6FF6 /* Resources */,
			);
			buildRules = (
			);
			dependencies = (
			);
			name = CoreDataDemo;
			productName = CoreDataDemo;
			productReference = 92A08158220173B7008D6FF6 /* CoreDataDemo.app */;
			productType = "com.apple.product-type.application";
		};
/* End PBXNativeTarget section */

/* Begin PBXProject section */
		92A08150220173B7008D6FF6 /* Project object */ = {
			isa = PBXProject;
			attributes = {
				LastSwiftUpdateCheck = 0940;
				LastUpgradeCheck = 0940;
				ORGANIZATIONNAME = "Alex wee";
				TargetAttributes = {
					92A08157220173B7008D6FF6 = {
						CreatedOnToolsVersion = 9.4.1;
					};
				};
			};
			buildConfigurationList = 92A08153220173B7008D6FF6 /* Build configuration list for PBXProject "CoreDataDemo" */;
			compatibilityVersion = "Xcode 9.3";
			developmentRegion = en;
			hasScannedForEncodings = 0;
			knownRegions = (
				en,
				Base,
			);
			mainGroup = 92A0814F220173B7008D6FF6;
			productRefGroup = 92A08159220173B7008D6FF6 /* Products */;
			projectDirPath = "";
			projectRoot = "";
			targets = (
				92A08157220173B7008D6FF6 /* CoreDataDemo */,
			);
		};
/* End PBXProject section */

/* Begin PBXResourcesBuildPhase section */
		92A08156220173B7008D6FF6 /* Resources */ = {
			isa = PBXResourcesBuildPhase;
			buildActionMask = 2147483647;
			files = (
				92A08169220173BC008D6FF6 /* LaunchScreen.storyboard in Resources */,
				92A08166220173BC008D6FF6 /* Assets.xcassets in Resources */,
				92A08161220173B7008D6FF6 /* Main.storyboard in Resources */,
			);
			runOnlyForDeploymentPostprocessing = 0;
		};
/* End PBXResourcesBuildPhase section */

/* Begin PBXSourcesBuildPhase section */
		92A08154220173B7008D6FF6 /* Sources */ = {
			isa = PBXSourcesBuildPhase;
			buildActionMask = 2147483647;
			files = (
				92A0815E220173B7008D6FF6 /* ViewController.swift in Sources */,
				92A081782202AC66008D6FF6 /* GradientTableViewCell.swift in Sources */,
				92A08164220173B7008D6FF6 /* CoreDataDemo.xcdatamodeld in Sources */,
				92A0815C220173B7008D6FF6 /* AppDelegate.swift in Sources */,
				92A081762201AD74008D6FF6 /* UIView+Gradient.swift in Sources */,
				92A08174220190F7008D6FF6 /* CategoryViewController.swift in Sources */,
				92A0817A2202CA2D008D6FF6 /* ColorHex.swift in Sources */,
			);
			runOnlyForDeploymentPostprocessing = 0;
		};
/* End PBXSourcesBuildPhase section */

/* Begin PBXVariantGroup section */
		92A0815F220173B7008D6FF6 /* Main.storyboard */ = {
			isa = PBXVariantGroup;
			children = (
				92A08160220173B7008D6FF6 /* Base */,
			);
			name = Main.storyboard;
			sourceTree = "<group>";
		};
		92A08167220173BC008D6FF6 /* LaunchScreen.storyboard */ = {
			isa = PBXVariantGroup;
			children = (
				92A08168220173BC008D6FF6 /* Base */,
			);
			name = LaunchScreen.storyboard;
			sourceTree = "<group>";
		};
/* End PBXVariantGroup section */

/* Begin XCBuildConfiguration section */
		92A0816B220173BC008D6FF6 /* Debug */ = {
			isa = XCBuildConfiguration;
			buildSettings = {
				ALWAYS_SEARCH_USER_PATHS = NO;
				CLANG_ANALYZER_NONNULL = YES;
				CLANG_ANALYZER_NUMBER_OBJECT_CONVERSION = YES_AGGRESSIVE;
				CLANG_CXX_LANGUAGE_STANDARD = "gnu++14";
				CLANG_CXX_LIBRARY = "libc++";
				CLANG_ENABLE_MODULES = YES;
				CLANG_ENABLE_OBJC_ARC = YES;
				CLANG_ENABLE_OBJC_WEAK = YES;
				CLANG_WARN_BLOCK_CAPTURE_AUTORELEASING = YES;
				CLANG_WARN_BOOL_CONVERSION = YES;
				CLANG_WARN_COMMA = YES;
				CLANG_WARN_CONSTANT_CONVERSION = YES;
				CLANG_WARN_DEPRECATED_OBJC_IMPLEMENTATIONS = YES;
				CLANG_WARN_DIRECT_OBJC_ISA_USAGE = YES_ERROR;
				CLANG_WARN_DOCUMENTATION_COMMENTS = YES;
				CLANG_WARN_EMPTY_BODY = YES;
				CLANG_WARN_ENUM_CONVERSION = YES;
				CLANG_WARN_INFINITE_RECURSION = YES;
				CLANG_WARN_INT_CONVERSION = YES;
				CLANG_WARN_NON_LITERAL_NULL_CONVERSION = YES;
				CLANG_WARN_OBJC_IMPLICIT_RETAIN_SELF = YES;
				CLANG_WARN_OBJC_LITERAL_CONVERSION = YES;
				CLANG_WARN_OBJC_ROOT_CLASS = YES_ERROR;
				CLANG_WARN_RANGE_LOOP_ANALYSIS = YES;
				CLANG_WARN_STRICT_PROTOTYPES = YES;
				CLANG_WARN_SUSPICIOUS_MOVE = YES;
				CLANG_WARN_UNGUARDED_AVAILABILITY = YES_AGGRESSIVE;
				CLANG_WARN_UNREACHABLE_CODE = YES;
				CLANG_WARN__DUPLICATE_METHOD_MATCH = YES;
				CODE_SIGN_IDENTITY = "iPhone Developer";
				COPY_PHASE_STRIP = NO;
				DEBUG_INFORMATION_FORMAT = dwarf;
				ENABLE_STRICT_OBJC_MSGSEND = YES;
				ENABLE_TESTABILITY = YES;
				GCC_C_LANGUAGE_STANDARD = gnu11;
				GCC_DYNAMIC_NO_PIC = NO;
				GCC_NO_COMMON_BLOCKS = YES;
				GCC_OPTIMIZATION_LEVEL = 0;
				GCC_PREPROCESSOR_DEFINITIONS = (
					"DEBUG=1",
					"$(inherited)",
				);
				GCC_WARN_64_TO_32_BIT_CONVERSION = YES;
				GCC_WARN_ABOUT_RETURN_TYPE = YES_ERROR;
				GCC_WARN_UNDECLARED_SELECTOR = YES;
				GCC_WARN_UNINITIALIZED_AUTOS = YES_AGGRESSIVE;
				GCC_WARN_UNUSED_FUNCTION = YES;
				GCC_WARN_UNUSED_VARIABLE = YES;
				IPHONEOS_DEPLOYMENT_TARGET = 11.4;
				MTL_ENABLE_DEBUG_INFO = YES;
				ONLY_ACTIVE_ARCH = YES;
				SDKROOT = iphoneos;
				SWIFT_ACTIVE_COMPILATION_CONDITIONS = DEBUG;
				SWIFT_OPTIMIZATION_LEVEL = "-Onone";
			};
			name = Debug;
		};
		92A0816C220173BC008D6FF6 /* Release */ = {
			isa = XCBuildConfiguration;
			buildSettings = {
				ALWAYS_SEARCH_USER_PATHS = NO;
				CLANG_ANALYZER_NONNULL = YES;
				CLANG_ANALYZER_NUMBER_OBJECT_CONVERSION = YES_AGGRESSIVE;
				CLANG_CXX_LANGUAGE_STANDARD = "gnu++14";
				CLANG_CXX_LIBRARY = "libc++";
				CLANG_ENABLE_MODULES = YES;
				CLANG_ENABLE_OBJC_ARC = YES;
				CLANG_ENABLE_OBJC_WEAK = YES;
				CLANG_WARN_BLOCK_CAPTURE_AUTORELEASING = YES;
				CLANG_WARN_BOOL_CONVERSION = YES;
				CLANG_WARN_COMMA = YES;
				CLANG_WARN_CONSTANT_CONVERSION = YES;
				CLANG_WARN_DEPRECATED_OBJC_IMPLEMENTATIONS = YES;
				CLANG_WARN_DIRECT_OBJC_ISA_USAGE = YES_ERROR;
				CLANG_WARN_DOCUMENTATION_COMMENTS = YES;
				CLANG_WARN_EMPTY_BODY = YES;
				CLANG_WARN_ENUM_CONVERSION = YES;
				CLANG_WARN_INFINITE_RECURSION = YES;
				CLANG_WARN_INT_CONVERSION = YES;
				CLANG_WARN_NON_LITERAL_NULL_CONVERSION = YES;
				CLANG_WARN_OBJC_IMPLICIT_RETAIN_SELF = YES;
				CLANG_WARN_OBJC_LITERAL_CONVERSION = YES;
				CLANG_WARN_OBJC_ROOT_CLASS = YES_ERROR;
				CLANG_WARN_RANGE_LOOP_ANALYSIS = YES;
				CLANG_WARN_STRICT_PROTOTYPES = YES;
				CLANG_WARN_SUSPICIOUS_MOVE = YES;
				CLANG_WARN_UNGUARDED_AVAILABILITY = YES_AGGRESSIVE;
				CLANG_WARN_UNREACHABLE_CODE = YES;
				CLANG_WARN__DUPLICATE_METHOD_MATCH = YES;
				CODE_SIGN_IDENTITY = "iPhone Developer";
				COPY_PHASE_STRIP = NO;
				DEBUG_INFORMATION_FORMAT = "dwarf-with-dsym";
				ENABLE_NS_ASSERTIONS = NO;
				ENABLE_STRICT_OBJC_MSGSEND = YES;
				GCC_C_LANGUAGE_STANDARD = gnu11;
				GCC_NO_COMMON_BLOCKS = YES;
				GCC_WARN_64_TO_32_BIT_CONVERSION = YES;
				GCC_WARN_ABOUT_RETURN_TYPE = YES_ERROR;
				GCC_WARN_UNDECLARED_SELECTOR = YES;
				GCC_WARN_UNINITIALIZED_AUTOS = YES_AGGRESSIVE;
				GCC_WARN_UNUSED_FUNCTION = YES;
				GCC_WARN_UNUSED_VARIABLE = YES;
				IPHONEOS_DEPLOYMENT_TARGET = 11.4;
				MTL_ENABLE_DEBUG_INFO = NO;
				SDKROOT = iphoneos;
				SWIFT_COMPILATION_MODE = wholemodule;
				SWIFT_OPTIMIZATION_LEVEL = "-O";
				VALIDATE_PRODUCT = YES;
			};
			name = Release;
		};
		92A0816E220173BC008D6FF6 /* Debug */ = {
			isa = XCBuildConfiguration;
			buildSettings = {
				ASSETCATALOG_COMPILER_APPICON_NAME = AppIcon;
				CODE_SIGN_STYLE = Automatic;
				DEVELOPMENT_TEAM = W246VL5U2P;
				INFOPLIST_FILE = CoreDataDemo/Info.plist;
				LD_RUNPATH_SEARCH_PATHS = (
					"$(inherited)",
					"@executable_path/Frameworks",
				);
				PRODUCT_BUNDLE_IDENTIFIER = WeeStudio.CoreDataDemo;
				PRODUCT_NAME = "$(TARGET_NAME)";
				SWIFT_VERSION = 4.0;
				TARGETED_DEVICE_FAMILY = "1,2";
			};
			name = Debug;
		};
		92A0816F220173BC008D6FF6 /* Release */ = {
			isa = XCBuildConfiguration;
			buildSettings = {
				ASSETCATALOG_COMPILER_APPICON_NAME = AppIcon;
				CODE_SIGN_STYLE = Automatic;
				DEVELOPMENT_TEAM = W246VL5U2P;
				INFOPLIST_FILE = CoreDataDemo/Info.plist;
				LD_RUNPATH_SEARCH_PATHS = (
					"$(inherited)",
					"@executable_path/Frameworks",
				);
				PRODUCT_BUNDLE_IDENTIFIER = WeeStudio.CoreDataDemo;
				PRODUCT_NAME = "$(TARGET_NAME)";
				SWIFT_VERSION = 4.0;
				TARGETED_DEVICE_FAMILY = "1,2";
			};
			name = Release;
		};
/* End XCBuildConfiguration section */

/* Begin XCConfigurationList section */
		92A08153220173B7008D6FF6 /* Build configuration list for PBXProject "CoreDataDemo" */ = {
			isa = XCConfigurationList;
			buildConfigurations = (
				92A0816B220173BC008D6FF6 /* Debug */,
				92A0816C220173BC008D6FF6 /* Release */,
			);
			defaultConfigurationIsVisible = 0;
			defaultConfigurationName = Release;
		};
		92A0816D220173BC008D6FF6 /* Build configuration list for PBXNativeTarget "CoreDataDemo" */ = {
			isa = XCConfigurationList;
			buildConfigurations = (
				92A0816E220173BC008D6FF6 /* Debug */,
				92A0816F220173BC008D6FF6 /* Release */,
			);
			defaultConfigurationIsVisible = 0;
			defaultConfigurationName = Release;
		};
/* End XCConfigurationList section */

/* Begin XCVersionGroup section */
		92A08162220173B7008D6FF6 /* CoreDataDemo.xcdatamodeld */ = {
			isa = XCVersionGroup;
			children = (
				92A08163220173B7008D6FF6 /* CoreDataDemo.xcdatamodel */,
			);
			currentVersion = 92A08163220173B7008D6FF6 /* CoreDataDemo.xcdatamodel */;
			path = CoreDataDemo.xcdatamodeld;
			sourceTree = "<group>";
			versionGroupType = wrapper.xcdatamodel;
		};
/* End XCVersionGroup section */
	};
	rootObject = 92A08150220173B7008D6FF6 /* Project object */;
}
